
Microsoft Visual Studio Solution File, Format Version 12.00
# Visual Studio 15
VisualStudioVersion = 15.0.27703.2035
MinimumVisualStudioVersion = 10.0.40219.1
Project("{FAE04EC0-301F-11D3-BF4B-00C04F79EFBC}") = "JenkinsHelloWorld", "JenkinsHelloWorld\JenkinsHelloWorld.csproj", "{B3614B59-58B7-49E7-81DD-DD991F4819E4}"
EndProject
Global
	GlobalSection(SolutionConfigurationPlatforms) = preSolution
		Debug|Any CPU = Debug|Any CPU
		Release|Any CPU = Release|Any CPU
	EndGlobalSection
	GlobalSection(ProjectConfigurationPlatforms) = postSolution
		{B3614B59-58B7-49E7-81DD-DD991F4819E4}.Debug|Any CPU.ActiveCfg = Debug|Any CPU
		{B3614B59-58B7-49E7-81DD-DD991F4819E4}.Debug|Any CPU.Build.0 = Debug|Any CPU
		{B3614B59-58B7-49E7-81DD-DD991F4819E4}.Release|Any CPU.ActiveCfg = Release|Any CPU
		{B3614B59-58B7-49E7-81DD-DD991F4819E4}.Release|Any CPU.Build.0 = Release|Any CPU
	EndGlobalSection
	GlobalSection(SolutionProperties) = preSolution
		HideSolutionNode = FALSE
	EndGlobalSection
	GlobalSection(ExtensibilityGlobals) = postSolution
		SolutionGuid = {615E0D70-390A-4968-9481-7E2A5F2F9C4B}
	EndGlobalSection
EndGlobal
